
Microsoft Visual Studio Solution File, Format Version 12.00
# Visual Studio Version 17
VisualStudioVersion = 17.5.33414.496
MinimumVisualStudioVersion = 10.0.40219.1
Project("{9A19103F-16F7-4668-BE54-9A1E7A4F7556}") = "FinanceManager.Api", "FinanceManager.Api\FinanceManager.Api.csproj", "{88F85C92-F6CF-4A89-9456-64BF34DF36D2}"
EndProject
Project("{9A19103F-16F7-4668-BE54-9A1E7A4F7556}") = "FinanceManager.Infrastructure", "FinanceManager.Infrastructure\FinanceManager.Infrastructure.csproj", "{2F8B2F62-A050-4449-836F-F361F66E88E2}"
EndProject
Project("{9A19103F-16F7-4668-BE54-9A1E7A4F7556}") = "FinanceManager.Domain", "FinanceManager.Domain\FinanceManager.Domain.csproj", "{9B406FD5-8DBD-4037-BDF9-DC92045E1374}"
EndProject
Project("{9A19103F-16F7-4668-BE54-9A1E7A4F7556}") = "FinanceManager.Application", "FinanceManager.Application\FinanceManager.Application.csproj", "{2A0A5C60-2CBF-4B51-B839-C15F2849229B}"
EndProject
Project("{9A19103F-16F7-4668-BE54-9A1E7A4F7556}") = "FinanceManager.Identity", "FinanceManager.Identity\FinanceManager.Identity.csproj", "{836BF689-C29B-4667-8370-21825B8C86AE}"
EndProject
Project("{2150E333-8FDC-42A3-9474-1A3956D46DE8}") = "src", "src", "{0D4F744D-C238-4534-A39F-EB4FBEAD4699}"
EndProject
Project("{2150E333-8FDC-42A3-9474-1A3956D46DE8}") = "FinanceManager.CadastrosGerais", "FinanceManager.CadastrosGerais", "{C56EFEEA-D4D2-43AA-AE1A-26E07FC6FC49}"
EndProject
Project("{2150E333-8FDC-42A3-9474-1A3956D46DE8}") = "Tests", "Tests", "{4164B55F-FC46-43E5-A36A-A054ECD688C3}"
EndProject
Project("{2150E333-8FDC-42A3-9474-1A3956D46DE8}") = "Itens de Solução", "Itens de Solução", "{23C5A1D3-88DA-4EA9-BAFC-332AB555C125}"
	ProjectSection(SolutionItems) = preProject
		.gitignore = .gitignore
	EndProjectSection
EndProject
Global
	GlobalSection(SolutionConfigurationPlatforms) = preSolution
		Debug|Any CPU = Debug|Any CPU
		Release|Any CPU = Release|Any CPU
	EndGlobalSection
	GlobalSection(ProjectConfigurationPlatforms) = postSolution
		{88F85C92-F6CF-4A89-9456-64BF34DF36D2}.Debug|Any CPU.ActiveCfg = Debug|Any CPU
		{88F85C92-F6CF-4A89-9456-64BF34DF36D2}.Debug|Any CPU.Build.0 = Debug|Any CPU
		{88F85C92-F6CF-4A89-9456-64BF34DF36D2}.Release|Any CPU.ActiveCfg = Release|Any CPU
		{88F85C92-F6CF-4A89-9456-64BF34DF36D2}.Release|Any CPU.Build.0 = Release|Any CPU
		{2F8B2F62-A050-4449-836F-F361F66E88E2}.Debug|Any CPU.ActiveCfg = Debug|Any CPU
		{2F8B2F62-A050-4449-836F-F361F66E88E2}.Debug|Any CPU.Build.0 = Debug|Any CPU
		{2F8B2F62-A050-4449-836F-F361F66E88E2}.Release|Any CPU.ActiveCfg = Release|Any CPU
		{2F8B2F62-A050-4449-836F-F361F66E88E2}.Release|Any CPU.Build.0 = Release|Any CPU
		{9B406FD5-8DBD-4037-BDF9-DC92045E1374}.Debug|Any CPU.ActiveCfg = Debug|Any CPU
		{9B406FD5-8DBD-4037-BDF9-DC92045E1374}.Debug|Any CPU.Build.0 = Debug|Any CPU
		{9B406FD5-8DBD-4037-BDF9-DC92045E1374}.Release|Any CPU.ActiveCfg = Release|Any CPU
		{9B406FD5-8DBD-4037-BDF9-DC92045E1374}.Release|Any CPU.Build.0 = Release|Any CPU
		{2A0A5C60-2CBF-4B51-B839-C15F2849229B}.Debug|Any CPU.ActiveCfg = Debug|Any CPU
		{2A0A5C60-2CBF-4B51-B839-C15F2849229B}.Debug|Any CPU.Build.0 = Debug|Any CPU
		{2A0A5C60-2CBF-4B51-B839-C15F2849229B}.Release|Any CPU.ActiveCfg = Release|Any CPU
		{2A0A5C60-2CBF-4B51-B839-C15F2849229B}.Release|Any CPU.Build.0 = Release|Any CPU
		{836BF689-C29B-4667-8370-21825B8C86AE}.Debug|Any CPU.ActiveCfg = Debug|Any CPU
		{836BF689-C29B-4667-8370-21825B8C86AE}.Debug|Any CPU.Build.0 = Debug|Any CPU
		{836BF689-C29B-4667-8370-21825B8C86AE}.Release|Any CPU.ActiveCfg = Release|Any CPU
		{836BF689-C29B-4667-8370-21825B8C86AE}.Release|Any CPU.Build.0 = Release|Any CPU
	EndGlobalSection
	GlobalSection(SolutionProperties) = preSolution
		HideSolutionNode = FALSE
	EndGlobalSection
	GlobalSection(NestedProjects) = preSolution
		{88F85C92-F6CF-4A89-9456-64BF34DF36D2} = {0D4F744D-C238-4534-A39F-EB4FBEAD4699}
		{2F8B2F62-A050-4449-836F-F361F66E88E2} = {C56EFEEA-D4D2-43AA-AE1A-26E07FC6FC49}
		{9B406FD5-8DBD-4037-BDF9-DC92045E1374} = {C56EFEEA-D4D2-43AA-AE1A-26E07FC6FC49}
		{2A0A5C60-2CBF-4B51-B839-C15F2849229B} = {C56EFEEA-D4D2-43AA-AE1A-26E07FC6FC49}
		{836BF689-C29B-4667-8370-21825B8C86AE} = {C56EFEEA-D4D2-43AA-AE1A-26E07FC6FC49}
		{C56EFEEA-D4D2-43AA-AE1A-26E07FC6FC49} = {0D4F744D-C238-4534-A39F-EB4FBEAD4699}
	EndGlobalSection
	GlobalSection(ExtensibilityGlobals) = postSolution
		SolutionGuid = {21C1C71E-9E2D-4AF8-9475-AAEE4310CD3E}
	EndGlobalSection
EndGlobal
